{
  "name": "@kenigevents/autopresenter-m0-runtime",
  "version": "0.0.0",
  "lockfileVersion": 3,
  "requires": true,
  "packages": {
    "": {
      "name": "@kenigevents/autopresenter-m0-runtime",
      "version": "0.0.0",
      "license": "UNLICENSED",
      "engines": {
        "node": "22.12.0"
      }
    }
  }
}
